// !$*UTF8*$!
{
	archiveVersion = 1;
	classes = {
	};
	objectVersion = 51;
	objects = {

/* Begin PBXBuildFile section */
		1079135E15AF04D4409150AB /* Pods_JobPortalApp_JobPortalAppUITests.framework in Frameworks */ = {isa = PBXBuildFile; fileRef = 1F0600CCA5409C4BE534E180 /* Pods_JobPortalApp_JobPortalAppUITests.framework */; };
		304CC30E252897B6002594BE /* EmpDashboardViewController.swift in Sources */ = {isa = PBXBuildFile; fileRef = 304CC30D252897B6002594BE /* EmpDashboardViewController.swift */; };
		304CC31025289998002594BE /* EmpLoginViewController.swift in Sources */ = {isa = PBXBuildFile; fileRef = 304CC30F25289998002594BE /* EmpLoginViewController.swift */; };
		308A8E5A25554EA8003D323A /* EmployerProfileTableViewCell.swift in Sources */ = {isa = PBXBuildFile; fileRef = 308A8E5925554EA8003D323A /* EmployerProfileTableViewCell.swift */; };
		308A8E5C25555526003D323A /* MyJobsViewController.swift in Sources */ = {isa = PBXBuildFile; fileRef = 308A8E5B25555526003D323A /* MyJobsViewController.swift */; };
		30AB15D725340F8A00D92B4F /* NotificationTableViewCell.swift in Sources */ = {isa = PBXBuildFile; fileRef = 30AB15D625340F8A00D92B4F /* NotificationTableViewCell.swift */; };
		30AB15DA2534102100D92B4F /* WorkerNotificationViewController.swift in Sources */ = {isa = PBXBuildFile; fileRef = 30AB15D92534102100D92B4F /* WorkerNotificationViewController.swift */; };
		30BDB24B251E3524005008C2 /* SignupViewController.swift in Sources */ = {isa = PBXBuildFile; fileRef = 30BDB24A251E3524005008C2 /* SignupViewController.swift */; };
		30CA5F2925332AD100B46B9F /* WorkerProfileViewController.swift in Sources */ = {isa = PBXBuildFile; fileRef = 30CA5F2825332AD100B46B9F /* WorkerProfileViewController.swift */; };
		30CA5F2B25332AEF00B46B9F /* WorkerHomeViewController.swift in Sources */ = {isa = PBXBuildFile; fileRef = 30CA5F2A25332AEF00B46B9F /* WorkerHomeViewController.swift */; };
		30D05EC0252478F1006CCC11 /* EmployerRegViewController.swift in Sources */ = {isa = PBXBuildFile; fileRef = 30D05EBF252478F1006CCC11 /* EmployerRegViewController.swift */; };
		30DBCE58252A051900D57519 /* Functions.swift in Sources */ = {isa = PBXBuildFile; fileRef = 30DBCE57252A051900D57519 /* Functions.swift */; };
		30F151512530D4DA00400BA7 /* WorkerDashViewController.swift in Sources */ = {isa = PBXBuildFile; fileRef = 30F151502530D4DA00400BA7 /* WorkerDashViewController.swift */; };
		30F28A1725348F1A0040172E /* WorkerProfileTableViewCell.swift in Sources */ = {isa = PBXBuildFile; fileRef = 30F28A1625348F1A0040172E /* WorkerProfileTableViewCell.swift */; };
		30F28A1925348F4C0040172E /* EmployerProfileViewController.swift in Sources */ = {isa = PBXBuildFile; fileRef = 30F28A1825348F4C0040172E /* EmployerProfileViewController.swift */; };
		30F28A1B25348F660040172E /* EmployerNotificationViewController.swift in Sources */ = {isa = PBXBuildFile; fileRef = 30F28A1A25348F660040172E /* EmployerNotificationViewController.swift */; };
		30F28A1D25348F720040172E /* EmployerHomeViewController.swift in Sources */ = {isa = PBXBuildFile; fileRef = 30F28A1C25348F720040172E /* EmployerHomeViewController.swift */; };
		30FC2AA2251D4F7D009D5CB1 /* AppDelegate.swift in Sources */ = {isa = PBXBuildFile; fileRef = 30FC2AA1251D4F7D009D5CB1 /* AppDelegate.swift */; };
		30FC2AA4251D4F7D009D5CB1 /* SceneDelegate.swift in Sources */ = {isa = PBXBuildFile; fileRef = 30FC2AA3251D4F7D009D5CB1 /* SceneDelegate.swift */; };
		30FC2AA6251D4F7D009D5CB1 /* ViewController.swift in Sources */ = {isa = PBXBuildFile; fileRef = 30FC2AA5251D4F7D009D5CB1 /* ViewController.swift */; };
		30FC2AA9251D4F7D009D5CB1 /* Main.storyboard in Resources */ = {isa = PBXBuildFile; fileRef = 30FC2AA7251D4F7D009D5CB1 /* Main.storyboard */; };
		30FC2AAB251D4F7F009D5CB1 /* Assets.xcassets in Resources */ = {isa = PBXBuildFile; fileRef = 30FC2AAA251D4F7F009D5CB1 /* Assets.xcassets */; };
		30FC2AAE251D4F7F009D5CB1 /* LaunchScreen.storyboard in Resources */ = {isa = PBXBuildFile; fileRef = 30FC2AAC251D4F7F009D5CB1 /* LaunchScreen.storyboard */; };
		30FC2AB9251D4F7F009D5CB1 /* JobPortalAppTests.swift in Sources */ = {isa = PBXBuildFile; fileRef = 30FC2AB8251D4F7F009D5CB1 /* JobPortalAppTests.swift */; };
		30FC2AC4251D4F80009D5CB1 /* JobPortalAppUITests.swift in Sources */ = {isa = PBXBuildFile; fileRef = 30FC2AC3251D4F80009D5CB1 /* JobPortalAppUITests.swift */; };
		30FC2AD2251D5D91009D5CB1 /* LoginViewController.swift in Sources */ = {isa = PBXBuildFile; fileRef = 30FC2AD1251D5D91009D5CB1 /* LoginViewController.swift */; };
		C00F18208375D4CE48206C27 /* Pods_JobPortalAppTests.framework in Frameworks */ = {isa = PBXBuildFile; fileRef = 45FC3A03AFEC8F30FE1DAFBD /* Pods_JobPortalAppTests.framework */; };
		FEE3BC634DE6C11FB0B270CC /* Pods_JobPortalApp.framework in Frameworks */ = {isa = PBXBuildFile; fileRef = 7BD23691C07C59BA5BD4D309 /* Pods_JobPortalApp.framework */; };
/* End PBXBuildFile section */

/* Begin PBXContainerItemProxy section */
		30FC2AB5251D4F7F009D5CB1 /* PBXContainerItemProxy */ = {
			isa = PBXContainerItemProxy;
			containerPortal = 30FC2A96251D4F7D009D5CB1 /* Project object */;
			proxyType = 1;
			remoteGlobalIDString = 30FC2A9D251D4F7D009D5CB1;
			remoteInfo = JobPortalApp;
		};
		30FC2AC0251D4F80009D5CB1 /* PBXContainerItemProxy */ = {
			isa = PBXContainerItemProxy;
			containerPortal = 30FC2A96251D4F7D009D5CB1 /* Project object */;
			proxyType = 1;
			remoteGlobalIDString = 30FC2A9D251D4F7D009D5CB1;
			remoteInfo = JobPortalApp;
		};
/* End PBXContainerItemProxy section */

/* Begin PBXFileReference section */
		165C4EEB50E228206B415939 /* Pods-JobPortalApp-JobPortalAppUITests.release.xcconfig */ = {isa = PBXFileReference; includeInIndex = 1; lastKnownFileType = text.xcconfig; name = "Pods-JobPortalApp-JobPortalAppUITests.release.xcconfig"; path = "Target Support Files/Pods-JobPortalApp-JobPortalAppUITests/Pods-JobPortalApp-JobPortalAppUITests.release.xcconfig"; sourceTree = "<group>"; };
		1F0600CCA5409C4BE534E180 /* Pods_JobPortalApp_JobPortalAppUITests.framework */ = {isa = PBXFileReference; explicitFileType = wrapper.framework; includeInIndex = 0; path = Pods_JobPortalApp_JobPortalAppUITests.framework; sourceTree = BUILT_PRODUCTS_DIR; };
		304CC30D252897B6002594BE /* EmpDashboardViewController.swift */ = {isa = PBXFileReference; lastKnownFileType = sourcecode.swift; path = EmpDashboardViewController.swift; sourceTree = "<group>"; };
		304CC30F25289998002594BE /* EmpLoginViewController.swift */ = {isa = PBXFileReference; lastKnownFileType = sourcecode.swift; path = EmpLoginViewController.swift; sourceTree = "<group>"; };
		308A8E5925554EA8003D323A /* EmployerProfileTableViewCell.swift */ = {isa = PBXFileReference; lastKnownFileType = sourcecode.swift; path = EmployerProfileTableViewCell.swift; sourceTree = "<group>"; };
		308A8E5B25555526003D323A /* MyJobsViewController.swift */ = {isa = PBXFileReference; lastKnownFileType = sourcecode.swift; name = MyJobsViewController.swift; path = Elements/MyJobsViewController.swift; sourceTree = "<group>"; };
		30AB15D625340F8A00D92B4F /* NotificationTableViewCell.swift */ = {isa = PBXFileReference; lastKnownFileType = sourcecode.swift; path = NotificationTableViewCell.swift; sourceTree = "<group>"; };
		30AB15D92534102100D92B4F /* WorkerNotificationViewController.swift */ = {isa = PBXFileReference; lastKnownFileType = sourcecode.swift; path = WorkerNotificationViewController.swift; sourceTree = "<group>"; };
		30BDB24A251E3524005008C2 /* SignupViewController.swift */ = {isa = PBXFileReference; lastKnownFileType = sourcecode.swift; path = SignupViewController.swift; sourceTree = "<group>"; };
		30CA5F2825332AD100B46B9F /* WorkerProfileViewController.swift */ = {isa = PBXFileReference; lastKnownFileType = sourcecode.swift; path = WorkerProfileViewController.swift; sourceTree = "<group>"; };
		30CA5F2A25332AEF00B46B9F /* WorkerHomeViewController.swift */ = {isa = PBXFileReference; lastKnownFileType = sourcecode.swift; name = WorkerHomeViewController.swift; path = /Users/shehzad/Documents/XCodeProjects/JobPortalApp/JobPortalApp/WorkerHomeViewController.swift; sourceTree = "<absolute>"; };
		30D05EBF252478F1006CCC11 /* EmployerRegViewController.swift */ = {isa = PBXFileReference; lastKnownFileType = sourcecode.swift; path = EmployerRegViewController.swift; sourceTree = "<group>"; };
		30DBCE57252A051900D57519 /* Functions.swift */ = {isa = PBXFileReference; lastKnownFileType = sourcecode.swift; path = Functions.swift; sourceTree = "<group>"; };
		30F151502530D4DA00400BA7 /* WorkerDashViewController.swift */ = {isa = PBXFileReference; lastKnownFileType = sourcecode.swift; path = WorkerDashViewController.swift; sourceTree = "<group>"; };
		30F28A1625348F1A0040172E /* WorkerProfileTableViewCell.swift */ = {isa = PBXFileReference; lastKnownFileType = sourcecode.swift; path = WorkerProfileTableViewCell.swift; sourceTree = "<group>"; };
		30F28A1825348F4C0040172E /* EmployerProfileViewController.swift */ = {isa = PBXFileReference; lastKnownFileType = sourcecode.swift; path = EmployerProfileViewController.swift; sourceTree = "<group>"; };
		30F28A1A25348F660040172E /* EmployerNotificationViewController.swift */ = {isa = PBXFileReference; lastKnownFileType = sourcecode.swift; path = EmployerNotificationViewController.swift; sourceTree = "<group>"; };
		30F28A1C25348F720040172E /* EmployerHomeViewController.swift */ = {isa = PBXFileReference; lastKnownFileType = sourcecode.swift; path = EmployerHomeViewController.swift; sourceTree = "<group>"; };
		30FC2A9E251D4F7D009D5CB1 /* JobPortalApp.app */ = {isa = PBXFileReference; explicitFileType = wrapper.application; includeInIndex = 0; path = JobPortalApp.app; sourceTree = BUILT_PRODUCTS_DIR; };
		30FC2AA1251D4F7D009D5CB1 /* AppDelegate.swift */ = {isa = PBXFileReference; lastKnownFileType = sourcecode.swift; path = AppDelegate.swift; sourceTree = "<group>"; };
		30FC2AA3251D4F7D009D5CB1 /* SceneDelegate.swift */ = {isa = PBXFileReference; lastKnownFileType = sourcecode.swift; path = SceneDelegate.swift; sourceTree = "<group>"; };
		30FC2AA5251D4F7D009D5CB1 /* ViewController.swift */ = {isa = PBXFileReference; lastKnownFileType = sourcecode.swift; path = ViewController.swift; sourceTree = "<group>"; };
		30FC2AA8251D4F7D009D5CB1 /* Base */ = {isa = PBXFileReference; lastKnownFileType = file.storyboard; name = Base; path = Base.lproj/Main.storyboard; sourceTree = "<group>"; };
		30FC2AAA251D4F7F009D5CB1 /* Assets.xcassets */ = {isa = PBXFileReference; lastKnownFileType = folder.assetcatalog; path = Assets.xcassets; sourceTree = "<group>"; };
		30FC2AAD251D4F7F009D5CB1 /* Base */ = {isa = PBXFileReference; lastKnownFileType = file.storyboard; name = Base; path = Base.lproj/LaunchScreen.storyboard; sourceTree = "<group>"; };
		30FC2AAF251D4F7F009D5CB1 /* Info.plist */ = {isa = PBXFileReference; lastKnownFileType = text.plist.xml; path = Info.plist; sourceTree = "<group>"; };
		30FC2AB4251D4F7F009D5CB1 /* JobPortalAppTests.xctest */ = {isa = PBXFileReference; explicitFileType = wrapper.cfbundle; includeInIndex = 0; path = JobPortalAppTests.xctest; sourceTree = BUILT_PRODUCTS_DIR; };
		30FC2AB8251D4F7F009D5CB1 /* JobPortalAppTests.swift */ = {isa = PBXFileReference; lastKnownFileType = sourcecode.swift; path = JobPortalAppTests.swift; sourceTree = "<group>"; };
		30FC2ABA251D4F7F009D5CB1 /* Info.plist */ = {isa = PBXFileReference; lastKnownFileType = text.plist.xml; path = Info.plist; sourceTree = "<group>"; };
		30FC2ABF251D4F80009D5CB1 /* JobPortalAppUITests.xctest */ = {isa = PBXFileReference; explicitFileType = wrapper.cfbundle; includeInIndex = 0; path = JobPortalAppUITests.xctest; sourceTree = BUILT_PRODUCTS_DIR; };
		30FC2AC3251D4F80009D5CB1 /* JobPortalAppUITests.swift */ = {isa = PBXFileReference; lastKnownFileType = sourcecode.swift; path = JobPortalAppUITests.swift; sourceTree = "<group>"; };
		30FC2AC5251D4F80009D5CB1 /* Info.plist */ = {isa = PBXFileReference; lastKnownFileType = text.plist.xml; path = Info.plist; sourceTree = "<group>"; };
		30FC2AD1251D5D91009D5CB1 /* LoginViewController.swift */ = {isa = PBXFileReference; lastKnownFileType = sourcecode.swift; path = LoginViewController.swift; sourceTree = "<group>"; };
		45FC3A03AFEC8F30FE1DAFBD /* Pods_JobPortalAppTests.framework */ = {isa = PBXFileReference; explicitFileType = wrapper.framework; includeInIndex = 0; path = Pods_JobPortalAppTests.framework; sourceTree = BUILT_PRODUCTS_DIR; };
		6568424C8AAFB047B49D6689 /* Pods-JobPortalApp-JobPortalAppUITests.debug.xcconfig */ = {isa = PBXFileReference; includeInIndex = 1; lastKnownFileType = text.xcconfig; name = "Pods-JobPortalApp-JobPortalAppUITests.debug.xcconfig"; path = "Target Support Files/Pods-JobPortalApp-JobPortalAppUITests/Pods-JobPortalApp-JobPortalAppUITests.debug.xcconfig"; sourceTree = "<group>"; };
		6DC6F6B3F5975791F6FA522C /* Pods-JobPortalAppTests.release.xcconfig */ = {isa = PBXFileReference; includeInIndex = 1; lastKnownFileType = text.xcconfig; name = "Pods-JobPortalAppTests.release.xcconfig"; path = "Target Support Files/Pods-JobPortalAppTests/Pods-JobPortalAppTests.release.xcconfig"; sourceTree = "<group>"; };
		6EC1B63E75E0C2C31E49E1F2 /* Pods-JobPortalApp.debug.xcconfig */ = {isa = PBXFileReference; includeInIndex = 1; lastKnownFileType = text.xcconfig; name = "Pods-JobPortalApp.debug.xcconfig"; path = "Target Support Files/Pods-JobPortalApp/Pods-JobPortalApp.debug.xcconfig"; sourceTree = "<group>"; };
		7BD23691C07C59BA5BD4D309 /* Pods_JobPortalApp.framework */ = {isa = PBXFileReference; explicitFileType = wrapper.framework; includeInIndex = 0; path = Pods_JobPortalApp.framework; sourceTree = BUILT_PRODUCTS_DIR; };
		E551C624B2A30F2B5461DE75 /* Pods-JobPortalApp.release.xcconfig */ = {isa = PBXFileReference; includeInIndex = 1; lastKnownFileType = text.xcconfig; name = "Pods-JobPortalApp.release.xcconfig"; path = "Target Support Files/Pods-JobPortalApp/Pods-JobPortalApp.release.xcconfig"; sourceTree = "<group>"; };
		F2CAE01601B0D751FC442D71 /* Pods-JobPortalAppTests.debug.xcconfig */ = {isa = PBXFileReference; includeInIndex = 1; lastKnownFileType = text.xcconfig; name = "Pods-JobPortalAppTests.debug.xcconfig"; path = "Target Support Files/Pods-JobPortalAppTests/Pods-JobPortalAppTests.debug.xcconfig"; sourceTree = "<group>"; };
/* End PBXFileReference section */

/* Begin PBXFrameworksBuildPhase section */
		30FC2A9B251D4F7D009D5CB1 /* Frameworks */ = {
			isa = PBXFrameworksBuildPhase;
			buildActionMask = 2147483647;
			files = (
				FEE3BC634DE6C11FB0B270CC /* Pods_JobPortalApp.framework in Frameworks */,
			);
			runOnlyForDeploymentPostprocessing = 0;
		};
		30FC2AB1251D4F7F009D5CB1 /* Frameworks */ = {
			isa = PBXFrameworksBuildPhase;
			buildActionMask = 2147483647;
			files = (
				C00F18208375D4CE48206C27 /* Pods_JobPortalAppTests.framework in Frameworks */,
			);
			runOnlyForDeploymentPostprocessing = 0;
		};
		30FC2ABC251D4F7F009D5CB1 /* Frameworks */ = {
			isa = PBXFrameworksBuildPhase;
			buildActionMask = 2147483647;
			files = (
				1079135E15AF04D4409150AB /* Pods_JobPortalApp_JobPortalAppUITests.framework in Frameworks */,
			);
			runOnlyForDeploymentPostprocessing = 0;
		};
/* End PBXFrameworksBuildPhase section */

/* Begin PBXGroup section */
		1CA176B0A91103D5DBAACBC0 /* Pods */ = {
			isa = PBXGroup;
			children = (
				6EC1B63E75E0C2C31E49E1F2 /* Pods-JobPortalApp.debug.xcconfig */,
				E551C624B2A30F2B5461DE75 /* Pods-JobPortalApp.release.xcconfig */,
				6568424C8AAFB047B49D6689 /* Pods-JobPortalApp-JobPortalAppUITests.debug.xcconfig */,
				165C4EEB50E228206B415939 /* Pods-JobPortalApp-JobPortalAppUITests.release.xcconfig */,
				F2CAE01601B0D751FC442D71 /* Pods-JobPortalAppTests.debug.xcconfig */,
				6DC6F6B3F5975791F6FA522C /* Pods-JobPortalAppTests.release.xcconfig */,
			);
			path = Pods;
			sourceTree = "<group>";
		};
		3036802C253D6B3F00AFAD81 /* Views */ = {
			isa = PBXGroup;
			children = (
				30FC2AA7251D4F7D009D5CB1 /* Main.storyboard */,
				30FC2AAC251D4F7F009D5CB1 /* LaunchScreen.storyboard */,
			);
			path = Views;
			sourceTree = "<group>";
		};
		3036802D253D6B5300AFAD81 /* Functions */ = {
			isa = PBXGroup;
			children = (
				30DBCE57252A051900D57519 /* Functions.swift */,
			);
			path = Functions;
			sourceTree = "<group>";
		};
		3036802E253D6B6400AFAD81 /* Config */ = {
			isa = PBXGroup;
			children = (
				30FC2AA1251D4F7D009D5CB1 /* AppDelegate.swift */,
				30FC2AA3251D4F7D009D5CB1 /* SceneDelegate.swift */,
			);
			path = Config;
			sourceTree = "<group>";
		};
		30368030253D6B8200AFAD81 /* Controllers */ = {
			isa = PBXGroup;
			children = (
				30CA5F2E25332B2800B46B9F /* Admin */,
				30CA5F2D25332B2000B46B9F /* Employer */,
				30CA5F2C25332B1200B46B9F /* Worker */,
				30FC2AA5251D4F7D009D5CB1 /* ViewController.swift */,
			);
			path = Controllers;
			sourceTree = "<group>";
		};
		30AB15D525340F5300D92B4F /* Elements */ = {
			isa = PBXGroup;
			children = (
				30AB15D625340F8A00D92B4F /* NotificationTableViewCell.swift */,
			);
			path = Elements;
			sourceTree = "<group>";
		};
		30CA5F2C25332B1200B46B9F /* Worker */ = {
			isa = PBXGroup;
			children = (
				30AB15D525340F5300D92B4F /* Elements */,
				30BDB24A251E3524005008C2 /* SignupViewController.swift */,
				30FC2AD1251D5D91009D5CB1 /* LoginViewController.swift */,
				30F151502530D4DA00400BA7 /* WorkerDashViewController.swift */,
				30CA5F2825332AD100B46B9F /* WorkerProfileViewController.swift */,
				30CA5F2A25332AEF00B46B9F /* WorkerHomeViewController.swift */,
				30AB15D92534102100D92B4F /* WorkerNotificationViewController.swift */,
			);
			path = Worker;
			sourceTree = "<group>";
		};
		30CA5F2D25332B2000B46B9F /* Employer */ = {
			isa = PBXGroup;
			children = (
				30F28A1525348EF10040172E /* Elements */,
				30D05EBF252478F1006CCC11 /* EmployerRegViewController.swift */,
				304CC30F25289998002594BE /* EmpLoginViewController.swift */,
				304CC30D252897B6002594BE /* EmpDashboardViewController.swift */,
				30F28A1825348F4C0040172E /* EmployerProfileViewController.swift */,
				30F28A1A25348F660040172E /* EmployerNotificationViewController.swift */,
				30F28A1C25348F720040172E /* EmployerHomeViewController.swift */,
				308A8E5B25555526003D323A /* MyJobsViewController.swift */,
			);
			path = Employer;
			sourceTree = "<group>";
		};
		30CA5F2E25332B2800B46B9F /* Admin */ = {
			isa = PBXGroup;
			children = (
			);
			path = Admin;
			sourceTree = "<group>";
		};
		30F28A1525348EF10040172E /* Elements */ = {
			isa = PBXGroup;
			children = (
				30F28A1625348F1A0040172E /* WorkerProfileTableViewCell.swift */,
				308A8E5925554EA8003D323A /* EmployerProfileTableViewCell.swift */,
			);
			path = Elements;
			sourceTree = "<group>";
		};
		30FC2A95251D4F7D009D5CB1 = {
			isa = PBXGroup;
			children = (
				30FC2AA0251D4F7D009D5CB1 /* JobPortalApp */,
				30FC2AB7251D4F7F009D5CB1 /* JobPortalAppTests */,
				30FC2AC2251D4F80009D5CB1 /* JobPortalAppUITests */,
				30FC2A9F251D4F7D009D5CB1 /* Products */,
				1CA176B0A91103D5DBAACBC0 /* Pods */,
				487C0CDC22E545EA3E619DBD /* Frameworks */,
			);
			sourceTree = "<group>";
		};
		30FC2A9F251D4F7D009D5CB1 /* Products */ = {
			isa = PBXGroup;
			children = (
				30FC2A9E251D4F7D009D5CB1 /* JobPortalApp.app */,
				30FC2AB4251D4F7F009D5CB1 /* JobPortalAppTests.xctest */,
				30FC2ABF251D4F80009D5CB1 /* JobPortalAppUITests.xctest */,
			);
			name = Products;
			sourceTree = "<group>";
		};
		30FC2AA0251D4F7D009D5CB1 /* JobPortalApp */ = {
			isa = PBXGroup;
			children = (
				30368030253D6B8200AFAD81 /* Controllers */,
				3036802E253D6B6400AFAD81 /* Config */,
				3036802C253D6B3F00AFAD81 /* Views */,
				3036802D253D6B5300AFAD81 /* Functions */,
				30FC2AAA251D4F7F009D5CB1 /* Assets.xcassets */,
				30FC2AAF251D4F7F009D5CB1 /* Info.plist */,
			);
			path = JobPortalApp;
			sourceTree = "<group>";
		};
		30FC2AB7251D4F7F009D5CB1 /* JobPortalAppTests */ = {
			isa = PBXGroup;
			children = (
				30FC2AB8251D4F7F009D5CB1 /* JobPortalAppTests.swift */,
				30FC2ABA251D4F7F009D5CB1 /* Info.plist */,
			);
			path = JobPortalAppTests;
			sourceTree = "<group>";
		};
		30FC2AC2251D4F80009D5CB1 /* JobPortalAppUITests */ = {
			isa = PBXGroup;
			children = (
				30FC2AC3251D4F80009D5CB1 /* JobPortalAppUITests.swift */,
				30FC2AC5251D4F80009D5CB1 /* Info.plist */,
			);
			path = JobPortalAppUITests;
			sourceTree = "<group>";
		};
		487C0CDC22E545EA3E619DBD /* Frameworks */ = {
			isa = PBXGroup;
			children = (
				7BD23691C07C59BA5BD4D309 /* Pods_JobPortalApp.framework */,
				1F0600CCA5409C4BE534E180 /* Pods_JobPortalApp_JobPortalAppUITests.framework */,
				45FC3A03AFEC8F30FE1DAFBD /* Pods_JobPortalAppTests.framework */,
			);
			name = Frameworks;
			sourceTree = "<group>";
		};
/* End PBXGroup section */

/* Begin PBXNativeTarget section */
		30FC2A9D251D4F7D009D5CB1 /* JobPortalApp */ = {
			isa = PBXNativeTarget;
			buildConfigurationList = 30FC2AC8251D4F80009D5CB1 /* Build configuration list for PBXNativeTarget "JobPortalApp" */;
			buildPhases = (
				4B4D1EB83D0800C293A4CDB3 /* [CP] Check Pods Manifest.lock */,
				30FC2A9A251D4F7D009D5CB1 /* Sources */,
				30FC2A9B251D4F7D009D5CB1 /* Frameworks */,
				30FC2A9C251D4F7D009D5CB1 /* Resources */,
				F9E4F285AFD908AACDF128FF /* [CP] Embed Pods Frameworks */,
			);
			buildRules = (
			);
			dependencies = (
			);
			name = JobPortalApp;
			productName = JobPortalApp;
			productReference = 30FC2A9E251D4F7D009D5CB1 /* JobPortalApp.app */;
			productType = "com.apple.product-type.application";
		};
		30FC2AB3251D4F7F009D5CB1 /* JobPortalAppTests */ = {
			isa = PBXNativeTarget;
			buildConfigurationList = 30FC2ACB251D4F80009D5CB1 /* Build configuration list for PBXNativeTarget "JobPortalAppTests" */;
			buildPhases = (
				F55B99B8DDD82BC7EBC5956D /* [CP] Check Pods Manifest.lock */,
				30FC2AB0251D4F7F009D5CB1 /* Sources */,
				30FC2AB1251D4F7F009D5CB1 /* Frameworks */,
				30FC2AB2251D4F7F009D5CB1 /* Resources */,
			);
			buildRules = (
			);
			dependencies = (
				30FC2AB6251D4F7F009D5CB1 /* PBXTargetDependency */,
			);
			name = JobPortalAppTests;
			productName = JobPortalAppTests;
			productReference = 30FC2AB4251D4F7F009D5CB1 /* JobPortalAppTests.xctest */;
			productType = "com.apple.product-type.bundle.unit-test";
		};
		30FC2ABE251D4F7F009D5CB1 /* JobPortalAppUITests */ = {
			isa = PBXNativeTarget;
			buildConfigurationList = 30FC2ACE251D4F80009D5CB1 /* Build configuration list for PBXNativeTarget "JobPortalAppUITests" */;
			buildPhases = (
				ECCA34EAF83C5A11AE2C6EE6 /* [CP] Check Pods Manifest.lock */,
				30FC2ABB251D4F7F009D5CB1 /* Sources */,
				30FC2ABC251D4F7F009D5CB1 /* Frameworks */,
				30FC2ABD251D4F7F009D5CB1 /* Resources */,
				9AE2DBA53D897E59487D7913 /* [CP] Embed Pods Frameworks */,
			);
			buildRules = (
			);
			dependencies = (
				30FC2AC1251D4F80009D5CB1 /* PBXTargetDependency */,
			);
			name = JobPortalAppUITests;
			productName = JobPortalAppUITests;
			productReference = 30FC2ABF251D4F80009D5CB1 /* JobPortalAppUITests.xctest */;
			productType = "com.apple.product-type.bundle.ui-testing";
		};
/* End PBXNativeTarget section */

/* Begin PBXProject section */
		30FC2A96251D4F7D009D5CB1 /* Project object */ = {
			isa = PBXProject;
			attributes = {
				LastSwiftUpdateCheck = 1170;
				LastUpgradeCheck = 1170;
				ORGANIZATIONNAME = Shehzad;
				TargetAttributes = {
					30FC2A9D251D4F7D009D5CB1 = {
						CreatedOnToolsVersion = 11.7;
					};
					30FC2AB3251D4F7F009D5CB1 = {
						CreatedOnToolsVersion = 11.7;
						TestTargetID = 30FC2A9D251D4F7D009D5CB1;
					};
					30FC2ABE251D4F7F009D5CB1 = {
						CreatedOnToolsVersion = 11.7;
						TestTargetID = 30FC2A9D251D4F7D009D5CB1;
					};
				};
			};
			buildConfigurationList = 30FC2A99251D4F7D009D5CB1 /* Build configuration list for PBXProject "JobPortalApp" */;
			compatibilityVersion = "Xcode 9.3";
			developmentRegion = en;
			hasScannedForEncodings = 0;
			knownRegions = (
				en,
				Base,
			);
			mainGroup = 30FC2A95251D4F7D009D5CB1;
			productRefGroup = 30FC2A9F251D4F7D009D5CB1 /* Products */;
			projectDirPath = "";
			projectRoot = "";
			targets = (
				30FC2A9D251D4F7D009D5CB1 /* JobPortalApp */,
				30FC2AB3251D4F7F009D5CB1 /* JobPortalAppTests */,
				30FC2ABE251D4F7F009D5CB1 /* JobPortalAppUITests */,
			);
		};
/* End PBXProject section */

/* Begin PBXResourcesBuildPhase section */
		30FC2A9C251D4F7D009D5CB1 /* Resources */ = {
			isa = PBXResourcesBuildPhase;
			buildActionMask = 2147483647;
			files = (
				30FC2AAE251D4F7F009D5CB1 /* LaunchScreen.storyboard in Resources */,
				30FC2AAB251D4F7F009D5CB1 /* Assets.xcassets in Resources */,
				30FC2AA9251D4F7D009D5CB1 /* Main.storyboard in Resources */,
			);
			runOnlyForDeploymentPostprocessing = 0;
		};
		30FC2AB2251D4F7F009D5CB1 /* Resources */ = {
			isa = PBXResourcesBuildPhase;
			buildActionMask = 2147483647;
			files = (
			);
			runOnlyForDeploymentPostprocessing = 0;
		};
		30FC2ABD251D4F7F009D5CB1 /* Resources */ = {
			isa = PBXResourcesBuildPhase;
			buildActionMask = 2147483647;
			files = (
			);
			runOnlyForDeploymentPostprocessing = 0;
		};
/* End PBXResourcesBuildPhase section */

/* Begin PBXShellScriptBuildPhase section */
		4B4D1EB83D0800C293A4CDB3 /* [CP] Check Pods Manifest.lock */ = {
			isa = PBXShellScriptBuildPhase;
			buildActionMask = 2147483647;
			files = (
			);
			inputFileListPaths = (
			);
			inputPaths = (
				"${PODS_PODFILE_DIR_PATH}/Podfile.lock",
				"${PODS_ROOT}/Manifest.lock",
			);
			name = "[CP] Check Pods Manifest.lock";
			outputFileListPaths = (
			);
			outputPaths = (
				"$(DERIVED_FILE_DIR)/Pods-JobPortalApp-checkManifestLockResult.txt",
			);
			runOnlyForDeploymentPostprocessing = 0;
			shellPath = /bin/sh;
			shellScript = "diff \"${PODS_PODFILE_DIR_PATH}/Podfile.lock\" \"${PODS_ROOT}/Manifest.lock\" > /dev/null\nif [ $? != 0 ] ; then\n    # print error to STDERR\n    echo \"error: The sandbox is not in sync with the Podfile.lock. Run 'pod install' or update your CocoaPods installation.\" >&2\n    exit 1\nfi\n# This output is used by Xcode 'outputs' to avoid re-running this script phase.\necho \"SUCCESS\" > \"${SCRIPT_OUTPUT_FILE_0}\"\n";
			showEnvVarsInLog = 0;
		};
		9AE2DBA53D897E59487D7913 /* [CP] Embed Pods Frameworks */ = {
			isa = PBXShellScriptBuildPhase;
			buildActionMask = 2147483647;
			files = (
			);
			inputFileListPaths = (
				"${PODS_ROOT}/Target Support Files/Pods-JobPortalApp-JobPortalAppUITests/Pods-JobPortalApp-JobPortalAppUITests-frameworks-${CONFIGURATION}-input-files.xcfilelist",
			);
			name = "[CP] Embed Pods Frameworks";
			outputFileListPaths = (
				"${PODS_ROOT}/Target Support Files/Pods-JobPortalApp-JobPortalAppUITests/Pods-JobPortalApp-JobPortalAppUITests-frameworks-${CONFIGURATION}-output-files.xcfilelist",
			);
			runOnlyForDeploymentPostprocessing = 0;
			shellPath = /bin/sh;
			shellScript = "\"${PODS_ROOT}/Target Support Files/Pods-JobPortalApp-JobPortalAppUITests/Pods-JobPortalApp-JobPortalAppUITests-frameworks.sh\"\n";
			showEnvVarsInLog = 0;
		};
		ECCA34EAF83C5A11AE2C6EE6 /* [CP] Check Pods Manifest.lock */ = {
			isa = PBXShellScriptBuildPhase;
			buildActionMask = 2147483647;
			files = (
			);
			inputFileListPaths = (
			);
			inputPaths = (
				"${PODS_PODFILE_DIR_PATH}/Podfile.lock",
				"${PODS_ROOT}/Manifest.lock",
			);
			name = "[CP] Check Pods Manifest.lock";
			outputFileListPaths = (
			);
			outputPaths = (
				"$(DERIVED_FILE_DIR)/Pods-JobPortalApp-JobPortalAppUITests-checkManifestLockResult.txt",
			);
			runOnlyForDeploymentPostprocessing = 0;
			shellPath = /bin/sh;
			shellScript = "diff \"${PODS_PODFILE_DIR_PATH}/Podfile.lock\" \"${PODS_ROOT}/Manifest.lock\" > /dev/null\nif [ $? != 0 ] ; then\n    # print error to STDERR\n    echo \"error: The sandbox is not in sync with the Podfile.lock. Run 'pod install' or update your CocoaPods installation.\" >&2\n    exit 1\nfi\n# This output is used by Xcode 'outputs' to avoid re-running this script phase.\necho \"SUCCESS\" > \"${SCRIPT_OUTPUT_FILE_0}\"\n";
			showEnvVarsInLog = 0;
		};
		F55B99B8DDD82BC7EBC5956D /* [CP] Check Pods Manifest.lock */ = {
			isa = PBXShellScriptBuildPhase;
			buildActionMask = 2147483647;
			files = (
			);
			inputFileListPaths = (
			);
			inputPaths = (
				"${PODS_PODFILE_DIR_PATH}/Podfile.lock",
				"${PODS_ROOT}/Manifest.lock",
			);
			name = "[CP] Check Pods Manifest.lock";
			outputFileListPaths = (
			);
			outputPaths = (
				"$(DERIVED_FILE_DIR)/Pods-JobPortalAppTests-checkManifestLockResult.txt",
			);
			runOnlyForDeploymentPostprocessing = 0;
			shellPath = /bin/sh;
			shellScript = "diff \"${PODS_PODFILE_DIR_PATH}/Podfile.lock\" \"${PODS_ROOT}/Manifest.lock\" > /dev/null\nif [ $? != 0 ] ; then\n    # print error to STDERR\n    echo \"error: The sandbox is not in sync with the Podfile.lock. Run 'pod install' or update your CocoaPods installation.\" >&2\n    exit 1\nfi\n# This output is used by Xcode 'outputs' to avoid re-running this script phase.\necho \"SUCCESS\" > \"${SCRIPT_OUTPUT_FILE_0}\"\n";
			showEnvVarsInLog = 0;
		};
		F9E4F285AFD908AACDF128FF /* [CP] Embed Pods Frameworks */ = {
			isa = PBXShellScriptBuildPhase;
			buildActionMask = 2147483647;
			files = (
			);
			inputFileListPaths = (
				"${PODS_ROOT}/Target Support Files/Pods-JobPortalApp/Pods-JobPortalApp-frameworks-${CONFIGURATION}-input-files.xcfilelist",
			);
			name = "[CP] Embed Pods Frameworks";
			outputFileListPaths = (
				"${PODS_ROOT}/Target Support Files/Pods-JobPortalApp/Pods-JobPortalApp-frameworks-${CONFIGURATION}-output-files.xcfilelist",
			);
			runOnlyForDeploymentPostprocessing = 0;
			shellPath = /bin/sh;
			shellScript = "\"${PODS_ROOT}/Target Support Files/Pods-JobPortalApp/Pods-JobPortalApp-frameworks.sh\"\n";
			showEnvVarsInLog = 0;
		};
/* End PBXShellScriptBuildPhase section */

/* Begin PBXSourcesBuildPhase section */
		30FC2A9A251D4F7D009D5CB1 /* Sources */ = {
			isa = PBXSourcesBuildPhase;
			buildActionMask = 2147483647;
			files = (
				30F28A1B25348F660040172E /* EmployerNotificationViewController.swift in Sources */,
				30F151512530D4DA00400BA7 /* WorkerDashViewController.swift in Sources */,
				30FC2AD2251D5D91009D5CB1 /* LoginViewController.swift in Sources */,
				30AB15D725340F8A00D92B4F /* NotificationTableViewCell.swift in Sources */,
				30F28A1925348F4C0040172E /* EmployerProfileViewController.swift in Sources */,
				304CC31025289998002594BE /* EmpLoginViewController.swift in Sources */,
				30DBCE58252A051900D57519 /* Functions.swift in Sources */,
				30FC2AA6251D4F7D009D5CB1 /* ViewController.swift in Sources */,
				308A8E5C25555526003D323A /* MyJobsViewController.swift in Sources */,
				30D05EC0252478F1006CCC11 /* EmployerRegViewController.swift in Sources */,
				30CA5F2925332AD100B46B9F /* WorkerProfileViewController.swift in Sources */,
				308A8E5A25554EA8003D323A /* EmployerProfileTableViewCell.swift in Sources */,
				30BDB24B251E3524005008C2 /* SignupViewController.swift in Sources */,
				30AB15DA2534102100D92B4F /* WorkerNotificationViewController.swift in Sources */,
				30FC2AA2251D4F7D009D5CB1 /* AppDelegate.swift in Sources */,
				30FC2AA4251D4F7D009D5CB1 /* SceneDelegate.swift in Sources */,
				30F28A1D25348F720040172E /* EmployerHomeViewController.swift in Sources */,
				304CC30E252897B6002594BE /* EmpDashboardViewController.swift in Sources */,
				30F28A1725348F1A0040172E /* WorkerProfileTableViewCell.swift in Sources */,
				30CA5F2B25332AEF00B46B9F /* WorkerHomeViewController.swift in Sources */,
			);
			runOnlyForDeploymentPostprocessing = 0;
		};
		30FC2AB0251D4F7F009D5CB1 /* Sources */ = {
			isa = PBXSourcesBuildPhase;
			buildActionMask = 2147483647;
			files = (
				30FC2AB9251D4F7F009D5CB1 /* JobPortalAppTests.swift in Sources */,
			);
			runOnlyForDeploymentPostprocessing = 0;
		};
		30FC2ABB251D4F7F009D5CB1 /* Sources */ = {
			isa = PBXSourcesBuildPhase;
			buildActionMask = 2147483647;
			files = (
				30FC2AC4251D4F80009D5CB1 /* JobPortalAppUITests.swift in Sources */,
			);
			runOnlyForDeploymentPostprocessing = 0;
		};
/* End PBXSourcesBuildPhase section */

/* Begin PBXTargetDependency section */
		30FC2AB6251D4F7F009D5CB1 /* PBXTargetDependency */ = {
			isa = PBXTargetDependency;
			target = 30FC2A9D251D4F7D009D5CB1 /* JobPortalApp */;
			targetProxy = 30FC2AB5251D4F7F009D5CB1 /* PBXContainerItemProxy */;
		};
		30FC2AC1251D4F80009D5CB1 /* PBXTargetDependency */ = {
			isa = PBXTargetDependency;
			target = 30FC2A9D251D4F7D009D5CB1 /* JobPortalApp */;
			targetProxy = 30FC2AC0251D4F80009D5CB1 /* PBXContainerItemProxy */;
		};
/* End PBXTargetDependency section */

/* Begin PBXVariantGroup section */
		30FC2AA7251D4F7D009D5CB1 /* Main.storyboard */ = {
			isa = PBXVariantGroup;
			children = (
				30FC2AA8251D4F7D009D5CB1 /* Base */,
			);
			name = Main.storyboard;
			sourceTree = "<group>";
		};
		30FC2AAC251D4F7F009D5CB1 /* LaunchScreen.storyboard */ = {
			isa = PBXVariantGroup;
			children = (
				30FC2AAD251D4F7F009D5CB1 /* Base */,
			);
			name = LaunchScreen.storyboard;
			sourceTree = "<group>";
		};
/* End PBXVariantGroup section */

/* Begin XCBuildConfiguration section */
		30FC2AC6251D4F80009D5CB1 /* Debug */ = {
			isa = XCBuildConfiguration;
			buildSettings = {
				ALWAYS_SEARCH_USER_PATHS = NO;
				CLANG_ANALYZER_NONNULL = YES;
				CLANG_ANALYZER_NUMBER_OBJECT_CONVERSION = YES_AGGRESSIVE;
				CLANG_CXX_LANGUAGE_STANDARD = "gnu++14";
				CLANG_CXX_LIBRARY = "libc++";
				CLANG_ENABLE_MODULES = YES;
				CLANG_ENABLE_OBJC_ARC = YES;
				CLANG_ENABLE_OBJC_WEAK = YES;
				CLANG_WARN_BLOCK_CAPTURE_AUTORELEASING = YES;
				CLANG_WARN_BOOL_CONVERSION = YES;
				CLANG_WARN_COMMA = YES;
				CLANG_WARN_CONSTANT_CONVERSION = YES;
				CLANG_WARN_DEPRECATED_OBJC_IMPLEMENTATIONS = YES;
				CLANG_WARN_DIRECT_OBJC_ISA_USAGE = YES_ERROR;
				CLANG_WARN_DOCUMENTATION_COMMENTS = YES;
				CLANG_WARN_EMPTY_BODY = YES;
				CLANG_WARN_ENUM_CONVERSION = YES;
				CLANG_WARN_INFINITE_RECURSION = YES;
				CLANG_WARN_INT_CONVERSION = YES;
				CLANG_WARN_NON_LITERAL_NULL_CONVERSION = YES;
				CLANG_WARN_OBJC_IMPLICIT_RETAIN_SELF = YES;
				CLANG_WARN_OBJC_LITERAL_CONVERSION = YES;
				CLANG_WARN_OBJC_ROOT_CLASS = YES_ERROR;
				CLANG_WARN_RANGE_LOOP_ANALYSIS = YES;
				CLANG_WARN_STRICT_PROTOTYPES = YES;
				CLANG_WARN_SUSPICIOUS_MOVE = YES;
				CLANG_WARN_UNGUARDED_AVAILABILITY = YES_AGGRESSIVE;
				CLANG_WARN_UNREACHABLE_CODE = YES;
				CLANG_WARN__DUPLICATE_METHOD_MATCH = YES;
				COPY_PHASE_STRIP = NO;
				DEBUG_INFORMATION_FORMAT = dwarf;
				ENABLE_STRICT_OBJC_MSGSEND = YES;
				ENABLE_TESTABILITY = YES;
				GCC_C_LANGUAGE_STANDARD = gnu11;
				GCC_DYNAMIC_NO_PIC = NO;
				GCC_NO_COMMON_BLOCKS = YES;
				GCC_OPTIMIZATION_LEVEL = 0;
				GCC_PREPROCESSOR_DEFINITIONS = (
					"DEBUG=1",
					"$(inherited)",
				);
				GCC_WARN_64_TO_32_BIT_CONVERSION = YES;
				GCC_WARN_ABOUT_RETURN_TYPE = YES_ERROR;
				GCC_WARN_UNDECLARED_SELECTOR = YES;
				GCC_WARN_UNINITIALIZED_AUTOS = YES_AGGRESSIVE;
				GCC_WARN_UNUSED_FUNCTION = YES;
				GCC_WARN_UNUSED_VARIABLE = YES;
				IPHONEOS_DEPLOYMENT_TARGET = 13.7;
				MTL_ENABLE_DEBUG_INFO = INCLUDE_SOURCE;
				MTL_FAST_MATH = YES;
				ONLY_ACTIVE_ARCH = YES;
				SDKROOT = iphoneos;
				SWIFT_ACTIVE_COMPILATION_CONDITIONS = DEBUG;
				SWIFT_OPTIMIZATION_LEVEL = "-Onone";
			};
			name = Debug;
		};
		30FC2AC7251D4F80009D5CB1 /* Release */ = {
			isa = XCBuildConfiguration;
			buildSettings = {
				ALWAYS_SEARCH_USER_PATHS = NO;
				CLANG_ANALYZER_NONNULL = YES;
				CLANG_ANALYZER_NUMBER_OBJECT_CONVERSION = YES_AGGRESSIVE;
				CLANG_CXX_LANGUAGE_STANDARD = "gnu++14";
				CLANG_CXX_LIBRARY = "libc++";
				CLANG_ENABLE_MODULES = YES;
				CLANG_ENABLE_OBJC_ARC = YES;
				CLANG_ENABLE_OBJC_WEAK = YES;
				CLANG_WARN_BLOCK_CAPTURE_AUTORELEASING = YES;
				CLANG_WARN_BOOL_CONVERSION = YES;
				CLANG_WARN_COMMA = YES;
				CLANG_WARN_CONSTANT_CONVERSION = YES;
				CLANG_WARN_DEPRECATED_OBJC_IMPLEMENTATIONS = YES;
				CLANG_WARN_DIRECT_OBJC_ISA_USAGE = YES_ERROR;
				CLANG_WARN_DOCUMENTATION_COMMENTS = YES;
				CLANG_WARN_EMPTY_BODY = YES;
				CLANG_WARN_ENUM_CONVERSION = YES;
				CLANG_WARN_INFINITE_RECURSION = YES;
				CLANG_WARN_INT_CONVERSION = YES;
				CLANG_WARN_NON_LITERAL_NULL_CONVERSION = YES;
				CLANG_WARN_OBJC_IMPLICIT_RETAIN_SELF = YES;
				CLANG_WARN_OBJC_LITERAL_CONVERSION = YES;
				CLANG_WARN_OBJC_ROOT_CLASS = YES_ERROR;
				CLANG_WARN_RANGE_LOOP_ANALYSIS = YES;
				CLANG_WARN_STRICT_PROTOTYPES = YES;
				CLANG_WARN_SUSPICIOUS_MOVE = YES;
				CLANG_WARN_UNGUARDED_AVAILABILITY = YES_AGGRESSIVE;
				CLANG_WARN_UNREACHABLE_CODE = YES;
				CLANG_WARN__DUPLICATE_METHOD_MATCH = YES;
				COPY_PHASE_STRIP = NO;
				DEBUG_INFORMATION_FORMAT = "dwarf-with-dsym";
				ENABLE_NS_ASSERTIONS = NO;
				ENABLE_STRICT_OBJC_MSGSEND = YES;
				GCC_C_LANGUAGE_STANDARD = gnu11;
				GCC_NO_COMMON_BLOCKS = YES;
				GCC_WARN_64_TO_32_BIT_CONVERSION = YES;
				GCC_WARN_ABOUT_RETURN_TYPE = YES_ERROR;
				GCC_WARN_UNDECLARED_SELECTOR = YES;
				GCC_WARN_UNINITIALIZED_AUTOS = YES_AGGRESSIVE;
				GCC_WARN_UNUSED_FUNCTION = YES;
				GCC_WARN_UNUSED_VARIABLE = YES;
				IPHONEOS_DEPLOYMENT_TARGET = 13.7;
				MTL_ENABLE_DEBUG_INFO = NO;
				MTL_FAST_MATH = YES;
				SDKROOT = iphoneos;
				SWIFT_COMPILATION_MODE = wholemodule;
				SWIFT_OPTIMIZATION_LEVEL = "-O";
				VALIDATE_PRODUCT = YES;
			};
			name = Release;
		};
		30FC2AC9251D4F80009D5CB1 /* Debug */ = {
			isa = XCBuildConfiguration;
			baseConfigurationReference = 6EC1B63E75E0C2C31E49E1F2 /* Pods-JobPortalApp.debug.xcconfig */;
			buildSettings = {
				ASSETCATALOG_COMPILER_APPICON_NAME = AppIcon;
				CODE_SIGN_STYLE = Automatic;
				DEVELOPMENT_TEAM = JYNHF6P534;
				INFOPLIST_FILE = JobPortalApp/Info.plist;
				LD_RUNPATH_SEARCH_PATHS = (
					"$(inherited)",
					"@executable_path/Frameworks",
				);
				PRODUCT_BUNDLE_IDENTIFIER = shaxad.JobPortalApp;
				PRODUCT_NAME = "$(TARGET_NAME)";
				SWIFT_VERSION = 5.0;
				TARGETED_DEVICE_FAMILY = "1,2";
			};
			name = Debug;
		};
		30FC2ACA251D4F80009D5CB1 /* Release */ = {
			isa = XCBuildConfiguration;
			baseConfigurationReference = E551C624B2A30F2B5461DE75 /* Pods-JobPortalApp.release.xcconfig */;
			buildSettings = {
				ASSETCATALOG_COMPILER_APPICON_NAME = AppIcon;
				CODE_SIGN_STYLE = Automatic;
				DEVELOPMENT_TEAM = JYNHF6P534;
				INFOPLIST_FILE = JobPortalApp/Info.plist;
				LD_RUNPATH_SEARCH_PATHS = (
					"$(inherited)",
					"@executable_path/Frameworks",
				);
				PRODUCT_BUNDLE_IDENTIFIER = shaxad.JobPortalApp;
				PRODUCT_NAME = "$(TARGET_NAME)";
				SWIFT_VERSION = 5.0;
				TARGETED_DEVICE_FAMILY = "1,2";
			};
			name = Release;
		};
		30FC2ACC251D4F80009D5CB1 /* Debug */ = {
			isa = XCBuildConfiguration;
			baseConfigurationReference = F2CAE01601B0D751FC442D71 /* Pods-JobPortalAppTests.debug.xcconfig */;
			buildSettings = {
				ALWAYS_EMBED_SWIFT_STANDARD_LIBRARIES = YES;
				BUNDLE_LOADER = "$(TEST_HOST)";
				CODE_SIGN_STYLE = Automatic;
				DEVELOPMENT_TEAM = JYNHF6P534;
				INFOPLIST_FILE = JobPortalAppTests/Info.plist;
				IPHONEOS_DEPLOYMENT_TARGET = 13.7;
				LD_RUNPATH_SEARCH_PATHS = (
					"$(inherited)",
					"@executable_path/Frameworks",
					"@loader_path/Frameworks",
				);
				PRODUCT_BUNDLE_IDENTIFIER = shaxad.JobPortalAppTests;
				PRODUCT_NAME = "$(TARGET_NAME)";
				SWIFT_VERSION = 5.0;
				TARGETED_DEVICE_FAMILY = "1,2";
				TEST_HOST = "$(BUILT_PRODUCTS_DIR)/JobPortalApp.app/JobPortalApp";
			};
			name = Debug;
		};
		30FC2ACD251D4F80009D5CB1 /* Release */ = {
			isa = XCBuildConfiguration;
			baseConfigurationReference = 6DC6F6B3F5975791F6FA522C /* Pods-JobPortalAppTests.release.xcconfig */;
			buildSettings = {
				ALWAYS_EMBED_SWIFT_STANDARD_LIBRARIES = YES;
				BUNDLE_LOADER = "$(TEST_HOST)";
				CODE_SIGN_STYLE = Automatic;
				DEVELOPMENT_TEAM = JYNHF6P534;
				INFOPLIST_FILE = JobPortalAppTests/Info.plist;
				IPHONEOS_DEPLOYMENT_TARGET = 13.7;
				LD_RUNPATH_SEARCH_PATHS = (
					"$(inherited)",
					"@executable_path/Frameworks",
					"@loader_path/Frameworks",
				);
				PRODUCT_BUNDLE_IDENTIFIER = shaxad.JobPortalAppTests;
				PRODUCT_NAME = "$(TARGET_NAME)";
				SWIFT_VERSION = 5.0;
				TARGETED_DEVICE_FAMILY = "1,2";
				TEST_HOST = "$(BUILT_PRODUCTS_DIR)/JobPortalApp.app/JobPortalApp";
			};
			name = Release;
		};
		30FC2ACF251D4F80009D5CB1 /* Debug */ = {
			isa = XCBuildConfiguration;
			baseConfigurationReference = 6568424C8AAFB047B49D6689 /* Pods-JobPortalApp-JobPortalAppUITests.debug.xcconfig */;
			buildSettings = {
				ALWAYS_EMBED_SWIFT_STANDARD_LIBRARIES = YES;
				CODE_SIGN_STYLE = Automatic;
				DEVELOPMENT_TEAM = JYNHF6P534;
				INFOPLIST_FILE = JobPortalAppUITests/Info.plist;
				LD_RUNPATH_SEARCH_PATHS = (
					"$(inherited)",
					"@executable_path/Frameworks",
					"@loader_path/Frameworks",
				);
				PRODUCT_BUNDLE_IDENTIFIER = shaxad.JobPortalAppUITests;
				PRODUCT_NAME = "$(TARGET_NAME)";
				SWIFT_VERSION = 5.0;
				TARGETED_DEVICE_FAMILY = "1,2";
				TEST_TARGET_NAME = JobPortalApp;
			};
			name = Debug;
		};
		30FC2AD0251D4F80009D5CB1 /* Release */ = {
			isa = XCBuildConfiguration;
			baseConfigurationReference = 165C4EEB50E228206B415939 /* Pods-JobPortalApp-JobPortalAppUITests.release.xcconfig */;
			buildSettings = {
				ALWAYS_EMBED_SWIFT_STANDARD_LIBRARIES = YES;
				CODE_SIGN_STYLE = Automatic;
				DEVELOPMENT_TEAM = JYNHF6P534;
				INFOPLIST_FILE = JobPortalAppUITests/Info.plist;
				LD_RUNPATH_SEARCH_PATHS = (
					"$(inherited)",
					"@executable_path/Frameworks",
					"@loader_path/Frameworks",
				);
				PRODUCT_BUNDLE_IDENTIFIER = shaxad.JobPortalAppUITests;
				PRODUCT_NAME = "$(TARGET_NAME)";
				SWIFT_VERSION = 5.0;
				TARGETED_DEVICE_FAMILY = "1,2";
				TEST_TARGET_NAME = JobPortalApp;
			};
			name = Release;
		};
/* End XCBuildConfiguration section */

/* Begin XCConfigurationList section */
		30FC2A99251D4F7D009D5CB1 /* Build configuration list for PBXProject "JobPortalApp" */ = {
			isa = XCConfigurationList;
			buildConfigurations = (
				30FC2AC6251D4F80009D5CB1 /* Debug */,
				30FC2AC7251D4F80009D5CB1 /* Release */,
			);
			defaultConfigurationIsVisible = 0;
			defaultConfigurationName = Release;
		};
		30FC2AC8251D4F80009D5CB1 /* Build configuration list for PBXNativeTarget "JobPortalApp" */ = {
			isa = XCConfigurationList;
			buildConfigurations = (
				30FC2AC9251D4F80009D5CB1 /* Debug */,
				30FC2ACA251D4F80009D5CB1 /* Release */,
			);
			defaultConfigurationIsVisible = 0;
			defaultConfigurationName = Release;
		};
		30FC2ACB251D4F80009D5CB1 /* Build configuration list for PBXNativeTarget "JobPortalAppTests" */ = {
			isa = XCConfigurationList;
			buildConfigurations = (
				30FC2ACC251D4F80009D5CB1 /* Debug */,
				30FC2ACD251D4F80009D5CB1 /* Release */,
			);
			defaultConfigurationIsVisible = 0;
			defaultConfigurationName = Release;
		};
		30FC2ACE251D4F80009D5CB1 /* Build configuration list for PBXNativeTarget "JobPortalAppUITests" */ = {
			isa = XCConfigurationList;
			buildConfigurations = (
				30FC2ACF251D4F80009D5CB1 /* Debug */,
				30FC2AD0251D4F80009D5CB1 /* Release */,
			);
			defaultConfigurationIsVisible = 0;
			defaultConfigurationName = Release;
		};
/* End XCConfigurationList section */
	};
	rootObject = 30FC2A96251D4F7D009D5CB1 /* Project object */;
}
